// !$*UTF8*$!
{
	archiveVersion = 1;
	classes = {
	};
	objectVersion = 55;
	objects = {

/* Begin PBXBuildFile section */
		005685682749B553007A5482 /* AfricaApp.swift in Sources */ = {isa = PBXBuildFile; fileRef = 005685672749B553007A5482 /* AfricaApp.swift */; };
		0056856A2749B553007A5482 /* ContentView.swift in Sources */ = {isa = PBXBuildFile; fileRef = 005685692749B553007A5482 /* ContentView.swift */; };
		0056856C2749B557007A5482 /* Assets.xcassets in Resources */ = {isa = PBXBuildFile; fileRef = 0056856B2749B557007A5482 /* Assets.xcassets */; };
		0056856F2749B557007A5482 /* Preview Assets.xcassets in Resources */ = {isa = PBXBuildFile; fileRef = 0056856E2749B557007A5482 /* Preview Assets.xcassets */; };
		005685792749B65E007A5482 /* VideoListView.swift in Sources */ = {isa = PBXBuildFile; fileRef = 005685782749B65E007A5482 /* VideoListView.swift */; };
		0056857B2749B66B007A5482 /* MainView.swift in Sources */ = {isa = PBXBuildFile; fileRef = 0056857A2749B66B007A5482 /* MainView.swift */; };
		0056857D2749B681007A5482 /* GalleryView.swift in Sources */ = {isa = PBXBuildFile; fileRef = 0056857C2749B681007A5482 /* GalleryView.swift */; };
		0056857F2749B68D007A5482 /* MapView.swift in Sources */ = {isa = PBXBuildFile; fileRef = 0056857E2749B68D007A5482 /* MapView.swift */; };
		0056858C2749BB90007A5482 /* gorilla.mp4 in Resources */ = {isa = PBXBuildFile; fileRef = 005685822749BB8D007A5482 /* gorilla.mp4 */; };
		0056858D2749BB90007A5482 /* zebra.mp4 in Resources */ = {isa = PBXBuildFile; fileRef = 005685832749BB8D007A5482 /* zebra.mp4 */; };
		0056858E2749BB90007A5482 /* cheetah.mp4 in Resources */ = {isa = PBXBuildFile; fileRef = 005685842749BB8D007A5482 /* cheetah.mp4 */; };
		0056858F2749BB90007A5482 /* hippo.mp4 in Resources */ = {isa = PBXBuildFile; fileRef = 005685852749BB8E007A5482 /* hippo.mp4 */; };
		005685902749BB90007A5482 /* lion.mp4 in Resources */ = {isa = PBXBuildFile; fileRef = 005685862749BB8E007A5482 /* lion.mp4 */; };
		005685912749BB90007A5482 /* elephant.mp4 in Resources */ = {isa = PBXBuildFile; fileRef = 005685872749BB8E007A5482 /* elephant.mp4 */; };
		005685922749BB90007A5482 /* lioness.mp4 in Resources */ = {isa = PBXBuildFile; fileRef = 005685882749BB8F007A5482 /* lioness.mp4 */; };
		005685932749BB90007A5482 /* ostrich.mp4 in Resources */ = {isa = PBXBuildFile; fileRef = 005685892749BB8F007A5482 /* ostrich.mp4 */; };
		005685942749BB90007A5482 /* rhino.mp4 in Resources */ = {isa = PBXBuildFile; fileRef = 0056858A2749BB8F007A5482 /* rhino.mp4 */; };
		005685952749BB90007A5482 /* giraffe.mp4 in Resources */ = {isa = PBXBuildFile; fileRef = 0056858B2749BB90007A5482 /* giraffe.mp4 */; };
		0056859A2749BBB7007A5482 /* videos.json in Resources */ = {isa = PBXBuildFile; fileRef = 005685962749BBB7007A5482 /* videos.json */; };
		0056859B2749BBB7007A5482 /* locations.json in Resources */ = {isa = PBXBuildFile; fileRef = 005685972749BBB7007A5482 /* locations.json */; };
		0056859C2749BBB7007A5482 /* animals.json in Resources */ = {isa = PBXBuildFile; fileRef = 005685982749BBB7007A5482 /* animals.json */; };
		0056859D2749BBB7007A5482 /* covers.json in Resources */ = {isa = PBXBuildFile; fileRef = 005685992749BBB7007A5482 /* covers.json */; };
		005685A2274A1BBE007A5482 /* CoverImageModel.swift in Sources */ = {isa = PBXBuildFile; fileRef = 005685A1274A1BBE007A5482 /* CoverImageModel.swift */; };
		005685A5274A1C68007A5482 /* CoverImageView.swift in Sources */ = {isa = PBXBuildFile; fileRef = 005685A4274A1C68007A5482 /* CoverImageView.swift */; };
		005685A7274A1DA3007A5482 /* CodableBundleExtension.swift in Sources */ = {isa = PBXBuildFile; fileRef = 005685A6274A1DA3007A5482 /* CodableBundleExtension.swift */; };
		005685A9274A2D99007A5482 /* AnimalListItemView.swift in Sources */ = {isa = PBXBuildFile; fileRef = 005685A8274A2D99007A5482 /* AnimalListItemView.swift */; };
		005685AB274A3090007A5482 /* AnimalModel.swift in Sources */ = {isa = PBXBuildFile; fileRef = 005685AA274A3090007A5482 /* AnimalModel.swift */; };
		005685AD274A34AE007A5482 /* AnimalDetailView.swift in Sources */ = {isa = PBXBuildFile; fileRef = 005685AC274A34AE007A5482 /* AnimalDetailView.swift */; };
		005685AF274A3BEC007A5482 /* HeadingView.swift in Sources */ = {isa = PBXBuildFile; fileRef = 005685AE274A3BEC007A5482 /* HeadingView.swift */; };
		005685B3274A3C27007A5482 /* InsertGalleryImageView.swift in Sources */ = {isa = PBXBuildFile; fileRef = 005685B2274A3C27007A5482 /* InsertGalleryImageView.swift */; };
		005685B5274A5DC4007A5482 /* InsetFactView.swift in Sources */ = {isa = PBXBuildFile; fileRef = 005685B4274A5DC4007A5482 /* InsetFactView.swift */; };
		005685B7274A610B007A5482 /* InsetMapView.swift in Sources */ = {isa = PBXBuildFile; fileRef = 005685B6274A610B007A5482 /* InsetMapView.swift */; };
		005685B9274A666E007A5482 /* ExternalWebLinkView.swift in Sources */ = {isa = PBXBuildFile; fileRef = 005685B8274A666E007A5482 /* ExternalWebLinkView.swift */; };
		005685BB274A7048007A5482 /* VideoListItemView.swift in Sources */ = {isa = PBXBuildFile; fileRef = 005685BA274A7048007A5482 /* VideoListItemView.swift */; };
		005685BD274A70A0007A5482 /* VideoModel.swift in Sources */ = {isa = PBXBuildFile; fileRef = 005685BC274A70A0007A5482 /* VideoModel.swift */; };
		005685BF274A85C1007A5482 /* VideoPlayerView.swift in Sources */ = {isa = PBXBuildFile; fileRef = 005685BE274A85C1007A5482 /* VideoPlayerView.swift */; };
		005685C2274A8700007A5482 /* VideoPlayerHelper.swift in Sources */ = {isa = PBXBuildFile; fileRef = 005685C1274A8700007A5482 /* VideoPlayerHelper.swift */; };
		005685C4274A9104007A5482 /* LocationModel.swift in Sources */ = {isa = PBXBuildFile; fileRef = 005685C3274A9104007A5482 /* LocationModel.swift */; };
		005685C6274A9A57007A5482 /* MapAnnotationView.swift in Sources */ = {isa = PBXBuildFile; fileRef = 005685C5274A9A57007A5482 /* MapAnnotationView.swift */; };
/* End PBXBuildFile section */

/* Begin PBXFileReference section */
		005685642749B553007A5482 /* Africa.app */ = {isa = PBXFileReference; explicitFileType = wrapper.application; includeInIndex = 0; path = Africa.app; sourceTree = BUILT_PRODUCTS_DIR; };
		005685672749B553007A5482 /* AfricaApp.swift */ = {isa = PBXFileReference; lastKnownFileType = sourcecode.swift; path = AfricaApp.swift; sourceTree = "<group>"; };
		005685692749B553007A5482 /* ContentView.swift */ = {isa = PBXFileReference; lastKnownFileType = sourcecode.swift; path = ContentView.swift; sourceTree = "<group>"; };
		0056856B2749B557007A5482 /* Assets.xcassets */ = {isa = PBXFileReference; lastKnownFileType = folder.assetcatalog; path = Assets.xcassets; sourceTree = "<group>"; };
		0056856E2749B557007A5482 /* Preview Assets.xcassets */ = {isa = PBXFileReference; lastKnownFileType = folder.assetcatalog; path = "Preview Assets.xcassets"; sourceTree = "<group>"; };
		005685782749B65E007A5482 /* VideoListView.swift */ = {isa = PBXFileReference; lastKnownFileType = sourcecode.swift; path = VideoListView.swift; sourceTree = "<group>"; };
		0056857A2749B66B007A5482 /* MainView.swift */ = {isa = PBXFileReference; lastKnownFileType = sourcecode.swift; path = MainView.swift; sourceTree = "<group>"; };
		0056857C2749B681007A5482 /* GalleryView.swift */ = {isa = PBXFileReference; lastKnownFileType = sourcecode.swift; path = GalleryView.swift; sourceTree = "<group>"; };
		0056857E2749B68D007A5482 /* MapView.swift */ = {isa = PBXFileReference; lastKnownFileType = sourcecode.swift; path = MapView.swift; sourceTree = "<group>"; };
		005685822749BB8D007A5482 /* gorilla.mp4 */ = {isa = PBXFileReference; lastKnownFileType = file; path = gorilla.mp4; sourceTree = "<group>"; };
		005685832749BB8D007A5482 /* zebra.mp4 */ = {isa = PBXFileReference; lastKnownFileType = file; path = zebra.mp4; sourceTree = "<group>"; };
		005685842749BB8D007A5482 /* cheetah.mp4 */ = {isa = PBXFileReference; lastKnownFileType = file; path = cheetah.mp4; sourceTree = "<group>"; };
		005685852749BB8E007A5482 /* hippo.mp4 */ = {isa = PBXFileReference; lastKnownFileType = file; path = hippo.mp4; sourceTree = "<group>"; };
		005685862749BB8E007A5482 /* lion.mp4 */ = {isa = PBXFileReference; lastKnownFileType = file; path = lion.mp4; sourceTree = "<group>"; };
		005685872749BB8E007A5482 /* elephant.mp4 */ = {isa = PBXFileReference; lastKnownFileType = file; path = elephant.mp4; sourceTree = "<group>"; };
		005685882749BB8F007A5482 /* lioness.mp4 */ = {isa = PBXFileReference; lastKnownFileType = file; path = lioness.mp4; sourceTree = "<group>"; };
		005685892749BB8F007A5482 /* ostrich.mp4 */ = {isa = PBXFileReference; lastKnownFileType = file; path = ostrich.mp4; sourceTree = "<group>"; };
		0056858A2749BB8F007A5482 /* rhino.mp4 */ = {isa = PBXFileReference; lastKnownFileType = file; path = rhino.mp4; sourceTree = "<group>"; };
		0056858B2749BB90007A5482 /* giraffe.mp4 */ = {isa = PBXFileReference; lastKnownFileType = file; path = giraffe.mp4; sourceTree = "<group>"; };
		005685962749BBB7007A5482 /* videos.json */ = {isa = PBXFileReference; fileEncoding = 4; lastKnownFileType = text.json; path = videos.json; sourceTree = "<group>"; };
		005685972749BBB7007A5482 /* locations.json */ = {isa = PBXFileReference; fileEncoding = 4; lastKnownFileType = text.json; path = locations.json; sourceTree = "<group>"; };
		005685982749BBB7007A5482 /* animals.json */ = {isa = PBXFileReference; fileEncoding = 4; lastKnownFileType = text.json; path = animals.json; sourceTree = "<group>"; };
		005685992749BBB7007A5482 /* covers.json */ = {isa = PBXFileReference; fileEncoding = 4; lastKnownFileType = text.json; path = covers.json; sourceTree = "<group>"; };
		0056859E2749BC5C007A5482 /* Info.plist */ = {isa = PBXFileReference; lastKnownFileType = text.plist; path = Info.plist; sourceTree = "<group>"; };
		005685A1274A1BBE007A5482 /* CoverImageModel.swift */ = {isa = PBXFileReference; lastKnownFileType = sourcecode.swift; path = CoverImageModel.swift; sourceTree = "<group>"; };
		005685A4274A1C68007A5482 /* CoverImageView.swift */ = {isa = PBXFileReference; lastKnownFileType = sourcecode.swift; path = CoverImageView.swift; sourceTree = "<group>"; };
		005685A6274A1DA3007A5482 /* CodableBundleExtension.swift */ = {isa = PBXFileReference; lastKnownFileType = sourcecode.swift; path = CodableBundleExtension.swift; sourceTree = "<group>"; };
		005685A8274A2D99007A5482 /* AnimalListItemView.swift */ = {isa = PBXFileReference; lastKnownFileType = sourcecode.swift; path = AnimalListItemView.swift; sourceTree = "<group>"; };
		005685AA274A3090007A5482 /* AnimalModel.swift */ = {isa = PBXFileReference; lastKnownFileType = sourcecode.swift; path = AnimalModel.swift; sourceTree = "<group>"; };
		005685AC274A34AE007A5482 /* AnimalDetailView.swift */ = {isa = PBXFileReference; lastKnownFileType = sourcecode.swift; path = AnimalDetailView.swift; sourceTree = "<group>"; };
		005685AE274A3BEC007A5482 /* HeadingView.swift */ = {isa = PBXFileReference; lastKnownFileType = sourcecode.swift; path = HeadingView.swift; sourceTree = "<group>"; };
		005685B2274A3C27007A5482 /* InsertGalleryImageView.swift */ = {isa = PBXFileReference; lastKnownFileType = sourcecode.swift; path = InsertGalleryImageView.swift; sourceTree = "<group>"; };
		005685B4274A5DC4007A5482 /* InsetFactView.swift */ = {isa = PBXFileReference; lastKnownFileType = sourcecode.swift; path = InsetFactView.swift; sourceTree = "<group>"; };
		005685B6274A610B007A5482 /* InsetMapView.swift */ = {isa = PBXFileReference; lastKnownFileType = sourcecode.swift; path = InsetMapView.swift; sourceTree = "<group>"; };
		005685B8274A666E007A5482 /* ExternalWebLinkView.swift */ = {isa = PBXFileReference; lastKnownFileType = sourcecode.swift; path = ExternalWebLinkView.swift; sourceTree = "<group>"; };
		005685BA274A7048007A5482 /* VideoListItemView.swift */ = {isa = PBXFileReference; lastKnownFileType = sourcecode.swift; path = VideoListItemView.swift; sourceTree = "<group>"; };
		005685BC274A70A0007A5482 /* VideoModel.swift */ = {isa = PBXFileReference; lastKnownFileType = sourcecode.swift; path = VideoModel.swift; sourceTree = "<group>"; };
		005685BE274A85C1007A5482 /* VideoPlayerView.swift */ = {isa = PBXFileReference; lastKnownFileType = sourcecode.swift; path = VideoPlayerView.swift; sourceTree = "<group>"; };
		005685C1274A8700007A5482 /* VideoPlayerHelper.swift */ = {isa = PBXFileReference; lastKnownFileType = sourcecode.swift; path = VideoPlayerHelper.swift; sourceTree = "<group>"; };
		005685C3274A9104007A5482 /* LocationModel.swift */ = {isa = PBXFileReference; lastKnownFileType = sourcecode.swift; path = LocationModel.swift; sourceTree = "<group>"; };
		005685C5274A9A57007A5482 /* MapAnnotationView.swift */ = {isa = PBXFileReference; lastKnownFileType = sourcecode.swift; path = MapAnnotationView.swift; sourceTree = "<group>"; };
/* End PBXFileReference section */

/* Begin PBXFrameworksBuildPhase section */
		005685612749B553007A5482 /* Frameworks */ = {
			isa = PBXFrameworksBuildPhase;
			buildActionMask = 2147483647;
			files = (
			);
			runOnlyForDeploymentPostprocessing = 0;
		};
/* End PBXFrameworksBuildPhase section */

/* Begin PBXGroup section */
		0056855B2749B553007A5482 = {
			isa = PBXGroup;
			children = (
				005685662749B553007A5482 /* Africa */,
				005685652749B553007A5482 /* Products */,
			);
			sourceTree = "<group>";
		};
		005685652749B553007A5482 /* Products */ = {
			isa = PBXGroup;
			children = (
				005685642749B553007A5482 /* Africa.app */,
			);
			name = Products;
			sourceTree = "<group>";
		};
		005685662749B553007A5482 /* Africa */ = {
			isa = PBXGroup;
			children = (
				005685C0274A86EC007A5482 /* Helper */,
				005685A3274A1C4A007A5482 /* View */,
				005685A0274A1B98007A5482 /* Extension */,
				0056859F274A1B8A007A5482 /* Model */,
				0056859E2749BC5C007A5482 /* Info.plist */,
				005685772749B5B9007A5482 /* Video */,
				005685762749B5B1007A5482 /* Data */,
				005685752749B597007A5482 /* App */,
				0056856B2749B557007A5482 /* Assets.xcassets */,
				0056856D2749B557007A5482 /* Preview Content */,
			);
			path = Africa;
			sourceTree = "<group>";
		};
		0056856D2749B557007A5482 /* Preview Content */ = {
			isa = PBXGroup;
			children = (
				0056856E2749B557007A5482 /* Preview Assets.xcassets */,
			);
			path = "Preview Content";
			sourceTree = "<group>";
		};
		005685752749B597007A5482 /* App */ = {
			isa = PBXGroup;
			children = (
				005685672749B553007A5482 /* AfricaApp.swift */,
				005685692749B553007A5482 /* ContentView.swift */,
				005685782749B65E007A5482 /* VideoListView.swift */,
				0056857A2749B66B007A5482 /* MainView.swift */,
				0056857C2749B681007A5482 /* GalleryView.swift */,
				0056857E2749B68D007A5482 /* MapView.swift */,
			);
			path = App;
			sourceTree = "<group>";
		};
		005685762749B5B1007A5482 /* Data */ = {
			isa = PBXGroup;
			children = (
				005685982749BBB7007A5482 /* animals.json */,
				005685992749BBB7007A5482 /* covers.json */,
				005685972749BBB7007A5482 /* locations.json */,
				005685962749BBB7007A5482 /* videos.json */,
			);
			path = Data;
			sourceTree = "<group>";
		};
		005685772749B5B9007A5482 /* Video */ = {
			isa = PBXGroup;
			children = (
				005685842749BB8D007A5482 /* cheetah.mp4 */,
				005685872749BB8E007A5482 /* elephant.mp4 */,
				0056858B2749BB90007A5482 /* giraffe.mp4 */,
				005685822749BB8D007A5482 /* gorilla.mp4 */,
				005685852749BB8E007A5482 /* hippo.mp4 */,
				005685862749BB8E007A5482 /* lion.mp4 */,
				005685882749BB8F007A5482 /* lioness.mp4 */,
				005685892749BB8F007A5482 /* ostrich.mp4 */,
				0056858A2749BB8F007A5482 /* rhino.mp4 */,
				005685832749BB8D007A5482 /* zebra.mp4 */,
			);
			path = Video;
			sourceTree = "<group>";
		};
		0056859F274A1B8A007A5482 /* Model */ = {
			isa = PBXGroup;
			children = (
				005685A1274A1BBE007A5482 /* CoverImageModel.swift */,
				005685AA274A3090007A5482 /* AnimalModel.swift */,
				005685BC274A70A0007A5482 /* VideoModel.swift */,
				005685C3274A9104007A5482 /* LocationModel.swift */,
			);
			path = Model;
			sourceTree = "<group>";
		};
		005685A0274A1B98007A5482 /* Extension */ = {
			isa = PBXGroup;
			children = (
				005685A6274A1DA3007A5482 /* CodableBundleExtension.swift */,
			);
			path = Extension;
			sourceTree = "<group>";
		};
		005685A3274A1C4A007A5482 /* View */ = {
			isa = PBXGroup;
			children = (
				005685A4274A1C68007A5482 /* CoverImageView.swift */,
				005685A8274A2D99007A5482 /* AnimalListItemView.swift */,
				005685AC274A34AE007A5482 /* AnimalDetailView.swift */,
				005685AE274A3BEC007A5482 /* HeadingView.swift */,
				005685B2274A3C27007A5482 /* InsertGalleryImageView.swift */,
				005685B4274A5DC4007A5482 /* InsetFactView.swift */,
				005685B6274A610B007A5482 /* InsetMapView.swift */,
				005685B8274A666E007A5482 /* ExternalWebLinkView.swift */,
				005685BA274A7048007A5482 /* VideoListItemView.swift */,
				005685BE274A85C1007A5482 /* VideoPlayerView.swift */,
				005685C5274A9A57007A5482 /* MapAnnotationView.swift */,
			);
			path = View;
			sourceTree = "<group>";
		};
		005685C0274A86EC007A5482 /* Helper */ = {
			isa = PBXGroup;
			children = (
				005685C1274A8700007A5482 /* VideoPlayerHelper.swift */,
			);
			path = Helper;
			sourceTree = "<group>";
		};
/* End PBXGroup section */

/* Begin PBXNativeTarget section */
		005685632749B553007A5482 /* Africa */ = {
			isa = PBXNativeTarget;
			buildConfigurationList = 005685722749B557007A5482 /* Build configuration list for PBXNativeTarget "Africa" */;
			buildPhases = (
				005685602749B553007A5482 /* Sources */,
				005685612749B553007A5482 /* Frameworks */,
				005685622749B553007A5482 /* Resources */,
			);
			buildRules = (
			);
			dependencies = (
			);
			name = Africa;
			productName = Africa;
			productReference = 005685642749B553007A5482 /* Africa.app */;
			productType = "com.apple.product-type.application";
		};
/* End PBXNativeTarget section */

/* Begin PBXProject section */
		0056855C2749B553007A5482 /* Project object */ = {
			isa = PBXProject;
			attributes = {
				BuildIndependentTargetsInParallel = 1;
				LastSwiftUpdateCheck = 1300;
				LastUpgradeCheck = 1300;
				TargetAttributes = {
					005685632749B553007A5482 = {
						CreatedOnToolsVersion = 13.0;
					};
				};
			};
			buildConfigurationList = 0056855F2749B553007A5482 /* Build configuration list for PBXProject "Africa" */;
			compatibilityVersion = "Xcode 13.0";
			developmentRegion = en;
			hasScannedForEncodings = 0;
			knownRegions = (
				en,
				Base,
			);
			mainGroup = 0056855B2749B553007A5482;
			productRefGroup = 005685652749B553007A5482 /* Products */;
			projectDirPath = "";
			projectRoot = "";
			targets = (
				005685632749B553007A5482 /* Africa */,
			);
		};
/* End PBXProject section */

/* Begin PBXResourcesBuildPhase section */
		005685622749B553007A5482 /* Resources */ = {
			isa = PBXResourcesBuildPhase;
			buildActionMask = 2147483647;
			files = (
				0056859C2749BBB7007A5482 /* animals.json in Resources */,
				0056859B2749BBB7007A5482 /* locations.json in Resources */,
				0056858D2749BB90007A5482 /* zebra.mp4 in Resources */,
				0056858E2749BB90007A5482 /* cheetah.mp4 in Resources */,
				005685952749BB90007A5482 /* giraffe.mp4 in Resources */,
				0056859D2749BBB7007A5482 /* covers.json in Resources */,
				005685922749BB90007A5482 /* lioness.mp4 in Resources */,
				0056859A2749BBB7007A5482 /* videos.json in Resources */,
				005685902749BB90007A5482 /* lion.mp4 in Resources */,
				0056856F2749B557007A5482 /* Preview Assets.xcassets in Resources */,
				005685912749BB90007A5482 /* elephant.mp4 in Resources */,
				0056858C2749BB90007A5482 /* gorilla.mp4 in Resources */,
				0056858F2749BB90007A5482 /* hippo.mp4 in Resources */,
				005685932749BB90007A5482 /* ostrich.mp4 in Resources */,
				005685942749BB90007A5482 /* rhino.mp4 in Resources */,
				0056856C2749B557007A5482 /* Assets.xcassets in Resources */,
			);
			runOnlyForDeploymentPostprocessing = 0;
		};
/* End PBXResourcesBuildPhase section */

/* Begin PBXSourcesBuildPhase section */
		005685602749B553007A5482 /* Sources */ = {
			isa = PBXSourcesBuildPhase;
			buildActionMask = 2147483647;
			files = (
				005685A2274A1BBE007A5482 /* CoverImageModel.swift in Sources */,
				005685A9274A2D99007A5482 /* AnimalListItemView.swift in Sources */,
				0056856A2749B553007A5482 /* ContentView.swift in Sources */,
				005685B5274A5DC4007A5482 /* InsetFactView.swift in Sources */,
				0056857F2749B68D007A5482 /* MapView.swift in Sources */,
				005685BB274A7048007A5482 /* VideoListItemView.swift in Sources */,
				0056857B2749B66B007A5482 /* MainView.swift in Sources */,
				005685AD274A34AE007A5482 /* AnimalDetailView.swift in Sources */,
				005685AB274A3090007A5482 /* AnimalModel.swift in Sources */,
				005685A5274A1C68007A5482 /* CoverImageView.swift in Sources */,
				005685C2274A8700007A5482 /* VideoPlayerHelper.swift in Sources */,
				005685B7274A610B007A5482 /* InsetMapView.swift in Sources */,
				005685BD274A70A0007A5482 /* VideoModel.swift in Sources */,
				005685C6274A9A57007A5482 /* MapAnnotationView.swift in Sources */,
				005685682749B553007A5482 /* AfricaApp.swift in Sources */,
				005685B9274A666E007A5482 /* ExternalWebLinkView.swift in Sources */,
				005685792749B65E007A5482 /* VideoListView.swift in Sources */,
				0056857D2749B681007A5482 /* GalleryView.swift in Sources */,
				005685A7274A1DA3007A5482 /* CodableBundleExtension.swift in Sources */,
				005685C4274A9104007A5482 /* LocationModel.swift in Sources */,
				005685B3274A3C27007A5482 /* InsertGalleryImageView.swift in Sources */,
				005685AF274A3BEC007A5482 /* HeadingView.swift in Sources */,
				005685BF274A85C1007A5482 /* VideoPlayerView.swift in Sources */,
			);
			runOnlyForDeploymentPostprocessing = 0;
		};
/* End PBXSourcesBuildPhase section */

/* Begin XCBuildConfiguration section */
		005685702749B557007A5482 /* Debug */ = {
			isa = XCBuildConfiguration;
			buildSettings = {
				ALWAYS_SEARCH_USER_PATHS = NO;
				CLANG_ANALYZER_NONNULL = YES;
				CLANG_ANALYZER_NUMBER_OBJECT_CONVERSION = YES_AGGRESSIVE;
				CLANG_CXX_LANGUAGE_STANDARD = "gnu++17";
				CLANG_CXX_LIBRARY = "libc++";
				CLANG_ENABLE_MODULES = YES;
				CLANG_ENABLE_OBJC_ARC = YES;
				CLANG_ENABLE_OBJC_WEAK = YES;
				CLANG_WARN_BLOCK_CAPTURE_AUTORELEASING = YES;
				CLANG_WARN_BOOL_CONVERSION = YES;
				CLANG_WARN_COMMA = YES;
				CLANG_WARN_CONSTANT_CONVERSION = YES;
				CLANG_WARN_DEPRECATED_OBJC_IMPLEMENTATIONS = YES;
				CLANG_WARN_DIRECT_OBJC_ISA_USAGE = YES_ERROR;
				CLANG_WARN_DOCUMENTATION_COMMENTS = YES;
				CLANG_WARN_EMPTY_BODY = YES;
				CLANG_WARN_ENUM_CONVERSION = YES;
				CLANG_WARN_INFINITE_RECURSION = YES;
				CLANG_WARN_INT_CONVERSION = YES;
				CLANG_WARN_NON_LITERAL_NULL_CONVERSION = YES;
				CLANG_WARN_OBJC_IMPLICIT_RETAIN_SELF = YES;
				CLANG_WARN_OBJC_LITERAL_CONVERSION = YES;
				CLANG_WARN_OBJC_ROOT_CLASS = YES_ERROR;
				CLANG_WARN_QUOTED_INCLUDE_IN_FRAMEWORK_HEADER = YES;
				CLANG_WARN_RANGE_LOOP_ANALYSIS = YES;
				CLANG_WARN_STRICT_PROTOTYPES = YES;
				CLANG_WARN_SUSPICIOUS_MOVE = YES;
				CLANG_WARN_UNGUARDED_AVAILABILITY = YES_AGGRESSIVE;
				CLANG_WARN_UNREACHABLE_CODE = YES;
				CLANG_WARN__DUPLICATE_METHOD_MATCH = YES;
				COPY_PHASE_STRIP = NO;
				DEBUG_INFORMATION_FORMAT = dwarf;
				ENABLE_STRICT_OBJC_MSGSEND = YES;
				ENABLE_TESTABILITY = YES;
				GCC_C_LANGUAGE_STANDARD = gnu11;
				GCC_DYNAMIC_NO_PIC = NO;
				GCC_NO_COMMON_BLOCKS = YES;
				GCC_OPTIMIZATION_LEVEL = 0;
				GCC_PREPROCESSOR_DEFINITIONS = (
					"DEBUG=1",
					"$(inherited)",
				);
				GCC_WARN_64_TO_32_BIT_CONVERSION = YES;
				GCC_WARN_ABOUT_RETURN_TYPE = YES_ERROR;
				GCC_WARN_UNDECLARED_SELECTOR = YES;
				GCC_WARN_UNINITIALIZED_AUTOS = YES_AGGRESSIVE;
				GCC_WARN_UNUSED_FUNCTION = YES;
				GCC_WARN_UNUSED_VARIABLE = YES;
				IPHONEOS_DEPLOYMENT_TARGET = 15.0;
				MTL_ENABLE_DEBUG_INFO = INCLUDE_SOURCE;
				MTL_FAST_MATH = YES;
				ONLY_ACTIVE_ARCH = YES;
				SDKROOT = iphoneos;
				SWIFT_ACTIVE_COMPILATION_CONDITIONS = DEBUG;
				SWIFT_OPTIMIZATION_LEVEL = "-Onone";
			};
			name = Debug;
		};
		005685712749B557007A5482 /* Release */ = {
			isa = XCBuildConfiguration;
			buildSettings = {
				ALWAYS_SEARCH_USER_PATHS = NO;
				CLANG_ANALYZER_NONNULL = YES;
				CLANG_ANALYZER_NUMBER_OBJECT_CONVERSION = YES_AGGRESSIVE;
				CLANG_CXX_LANGUAGE_STANDARD = "gnu++17";
				CLANG_CXX_LIBRARY = "libc++";
				CLANG_ENABLE_MODULES = YES;
				CLANG_ENABLE_OBJC_ARC = YES;
				CLANG_ENABLE_OBJC_WEAK = YES;
				CLANG_WARN_BLOCK_CAPTURE_AUTORELEASING = YES;
				CLANG_WARN_BOOL_CONVERSION = YES;
				CLANG_WARN_COMMA = YES;
				CLANG_WARN_CONSTANT_CONVERSION = YES;
				CLANG_WARN_DEPRECATED_OBJC_IMPLEMENTATIONS = YES;
				CLANG_WARN_DIRECT_OBJC_ISA_USAGE = YES_ERROR;
				CLANG_WARN_DOCUMENTATION_COMMENTS = YES;
				CLANG_WARN_EMPTY_BODY = YES;
				CLANG_WARN_ENUM_CONVERSION = YES;
				CLANG_WARN_INFINITE_RECURSION = YES;
				CLANG_WARN_INT_CONVERSION = YES;
				CLANG_WARN_NON_LITERAL_NULL_CONVERSION = YES;
				CLANG_WARN_OBJC_IMPLICIT_RETAIN_SELF = YES;
				CLANG_WARN_OBJC_LITERAL_CONVERSION = YES;
				CLANG_WARN_OBJC_ROOT_CLASS = YES_ERROR;
				CLANG_WARN_QUOTED_INCLUDE_IN_FRAMEWORK_HEADER = YES;
				CLANG_WARN_RANGE_LOOP_ANALYSIS = YES;
				CLANG_WARN_STRICT_PROTOTYPES = YES;
				CLANG_WARN_SUSPICIOUS_MOVE = YES;
				CLANG_WARN_UNGUARDED_AVAILABILITY = YES_AGGRESSIVE;
				CLANG_WARN_UNREACHABLE_CODE = YES;
				CLANG_WARN__DUPLICATE_METHOD_MATCH = YES;
				COPY_PHASE_STRIP = NO;
				DEBUG_INFORMATION_FORMAT = "dwarf-with-dsym";
				ENABLE_NS_ASSERTIONS = NO;
				ENABLE_STRICT_OBJC_MSGSEND = YES;
				GCC_C_LANGUAGE_STANDARD = gnu11;
				GCC_NO_COMMON_BLOCKS = YES;
				GCC_WARN_64_TO_32_BIT_CONVERSION = YES;
				GCC_WARN_ABOUT_RETURN_TYPE = YES_ERROR;
				GCC_WARN_UNDECLARED_SELECTOR = YES;
				GCC_WARN_UNINITIALIZED_AUTOS = YES_AGGRESSIVE;
				GCC_WARN_UNUSED_FUNCTION = YES;
				GCC_WARN_UNUSED_VARIABLE = YES;
				IPHONEOS_DEPLOYMENT_TARGET = 15.0;
				MTL_ENABLE_DEBUG_INFO = NO;
				MTL_FAST_MATH = YES;
				SDKROOT = iphoneos;
				SWIFT_COMPILATION_MODE = wholemodule;
				SWIFT_OPTIMIZATION_LEVEL = "-O";
				VALIDATE_PRODUCT = YES;
			};
			name = Release;
		};
		005685732749B557007A5482 /* Debug */ = {
			isa = XCBuildConfiguration;
			buildSettings = {
				ASSETCATALOG_COMPILER_APPICON_NAME = AppIcon;
				ASSETCATALOG_COMPILER_GLOBAL_ACCENT_COLOR_NAME = AccentColor;
				CODE_SIGN_STYLE = Automatic;
				CURRENT_PROJECT_VERSION = 1;
				DEVELOPMENT_ASSET_PATHS = "\"Africa/Preview Content\"";
				DEVELOPMENT_TEAM = QTGH624RDY;
				ENABLE_PREVIEWS = YES;
				GENERATE_INFOPLIST_FILE = YES;
				INFOPLIST_FILE = Africa/Info.plist;
				INFOPLIST_KEY_UIApplicationSceneManifest_Generation = YES;
				INFOPLIST_KEY_UIApplicationSupportsIndirectInputEvents = YES;
				INFOPLIST_KEY_UISupportedInterfaceOrientations_iPad = "UIInterfaceOrientationPortrait UIInterfaceOrientationPortraitUpsideDown UIInterfaceOrientationLandscapeLeft UIInterfaceOrientationLandscapeRight";
				INFOPLIST_KEY_UISupportedInterfaceOrientations_iPhone = "UIInterfaceOrientationPortrait UIInterfaceOrientationLandscapeLeft UIInterfaceOrientationLandscapeRight";
				INFOPLIST_KEY_UIUserInterfaceStyle = Dark;
				IPHONEOS_DEPLOYMENT_TARGET = 14.0;
				LD_RUNPATH_SEARCH_PATHS = (
					"$(inherited)",
					"@executable_path/Frameworks",
				);
				MARKETING_VERSION = 1.0;
				PRODUCT_BUNDLE_IDENTIFIER = com.mytestingapp.id.Africa;
				PRODUCT_NAME = "$(TARGET_NAME)";
				SWIFT_EMIT_LOC_STRINGS = YES;
				SWIFT_VERSION = 5.0;
				TARGETED_DEVICE_FAMILY = "1,2";
			};
			name = Debug;
		};
		005685742749B557007A5482 /* Release */ = {
			isa = XCBuildConfiguration;
			buildSettings = {
				ASSETCATALOG_COMPILER_APPICON_NAME = AppIcon;
				ASSETCATALOG_COMPILER_GLOBAL_ACCENT_COLOR_NAME = AccentColor;
				CODE_SIGN_STYLE = Automatic;
				CURRENT_PROJECT_VERSION = 1;
				DEVELOPMENT_ASSET_PATHS = "\"Africa/Preview Content\"";
				DEVELOPMENT_TEAM = QTGH624RDY;
				ENABLE_PREVIEWS = YES;
				GENERATE_INFOPLIST_FILE = YES;
				INFOPLIST_FILE = Africa/Info.plist;
				INFOPLIST_KEY_UIApplicationSceneManifest_Generation = YES;
				INFOPLIST_KEY_UIApplicationSupportsIndirectInputEvents = YES;
				INFOPLIST_KEY_UISupportedInterfaceOrientations_iPad = "UIInterfaceOrientationPortrait UIInterfaceOrientationPortraitUpsideDown UIInterfaceOrientationLandscapeLeft UIInterfaceOrientationLandscapeRight";
				INFOPLIST_KEY_UISupportedInterfaceOrientations_iPhone = "UIInterfaceOrientationPortrait UIInterfaceOrientationLandscapeLeft UIInterfaceOrientationLandscapeRight";
				INFOPLIST_KEY_UIUserInterfaceStyle = Dark;
				IPHONEOS_DEPLOYMENT_TARGET = 14.0;
				LD_RUNPATH_SEARCH_PATHS = (
					"$(inherited)",
					"@executable_path/Frameworks",
				);
				MARKETING_VERSION = 1.0;
				PRODUCT_BUNDLE_IDENTIFIER = com.mytestingapp.id.Africa;
				PRODUCT_NAME = "$(TARGET_NAME)";
				SWIFT_EMIT_LOC_STRINGS = YES;
				SWIFT_VERSION = 5.0;
				TARGETED_DEVICE_FAMILY = "1,2";
			};
			name = Release;
		};
/* End XCBuildConfiguration section */

/* Begin XCConfigurationList section */
		0056855F2749B553007A5482 /* Build configuration list for PBXProject "Africa" */ = {
			isa = XCConfigurationList;
			buildConfigurations = (
				005685702749B557007A5482 /* Debug */,
				005685712749B557007A5482 /* Release */,
			);
			defaultConfigurationIsVisible = 0;
			defaultConfigurationName = Release;
		};
		005685722749B557007A5482 /* Build configuration list for PBXNativeTarget "Africa" */ = {
			isa = XCConfigurationList;
			buildConfigurations = (
				005685732749B557007A5482 /* Debug */,
				005685742749B557007A5482 /* Release */,
			);
			defaultConfigurationIsVisible = 0;
			defaultConfigurationName = Release;
		};
/* End XCConfigurationList section */
	};
	rootObject = 0056855C2749B553007A5482 /* Project object */;
}
